
Microsoft Visual Studio Solution File, Format Version 12.00
# Visual Studio Version 17
VisualStudioVersion = 17.14.36518.9
MinimumVisualStudioVersion = 10.0.40219.1
Project("{FAE04EC0-301F-11D3-BF4B-00C04F79EFBC}") = "Lab_2", "Lab_2\Lab_2.1\Lab_2.csproj", "{8EB48ABA-A933-3AED-5DAC-203DCDFA3FD2}"
EndProject
Project("{FAE04EC0-301F-11D3-BF4B-00C04F79EFBC}") = "Lab_2.1", "Lab_2\Lab_2.2\Lab_2.1.csproj", "{1B516D13-6F57-A2E6-D29F-C147A8EE97F5}"
EndProject
Project("{FAE04EC0-301F-11D3-BF4B-00C04F79EFBC}") = "Lab_2.2", "Lab_2\Lab_2.3\Lab_2.2.csproj", "{2878FD36-F0D5-3301-4015-7CFF8B0856DD}"
EndProject
Global
	GlobalSection(SolutionConfigurationPlatforms) = preSolution
		Debug|Any CPU = Debug|Any CPU
		Release|Any CPU = Release|Any CPU
	EndGlobalSection
	GlobalSection(ProjectConfigurationPlatforms) = postSolution
		{8EB48ABA-A933-3AED-5DAC-203DCDFA3FD2}.Debug|Any CPU.ActiveCfg = Debug|Any CPU
		{8EB48ABA-A933-3AED-5DAC-203DCDFA3FD2}.Debug|Any CPU.Build.0 = Debug|Any CPU
		{8EB48ABA-A933-3AED-5DAC-203DCDFA3FD2}.Release|Any CPU.ActiveCfg = Release|Any CPU
		{8EB48ABA-A933-3AED-5DAC-203DCDFA3FD2}.Release|Any CPU.Build.0 = Release|Any CPU
		{1B516D13-6F57-A2E6-D29F-C147A8EE97F5}.Debug|Any CPU.ActiveCfg = Debug|Any CPU
		{1B516D13-6F57-A2E6-D29F-C147A8EE97F5}.Debug|Any CPU.Build.0 = Debug|Any CPU
		{1B516D13-6F57-A2E6-D29F-C147A8EE97F5}.Release|Any CPU.ActiveCfg = Release|Any CPU
		{1B516D13-6F57-A2E6-D29F-C147A8EE97F5}.Release|Any CPU.Build.0 = Release|Any CPU
		{2878FD36-F0D5-3301-4015-7CFF8B0856DD}.Debug|Any CPU.ActiveCfg = Debug|Any CPU
		{2878FD36-F0D5-3301-4015-7CFF8B0856DD}.Debug|Any CPU.Build.0 = Debug|Any CPU
		{2878FD36-F0D5-3301-4015-7CFF8B0856DD}.Release|Any CPU.ActiveCfg = Release|Any CPU
		{2878FD36-F0D5-3301-4015-7CFF8B0856DD}.Release|Any CPU.Build.0 = Release|Any CPU
	EndGlobalSection
	GlobalSection(SolutionProperties) = preSolution
		HideSolutionNode = FALSE
	EndGlobalSection
	GlobalSection(ExtensibilityGlobals) = postSolution
		SolutionGuid = {CC67420F-B223-43C1-8E87-752E84824661}
	EndGlobalSection
EndGlobal
